// !$*UTF8*$!
{
	archiveVersion = 1;
	classes = {
	};
	objectVersion = 77;
	objects = {

/* Begin PBXBuildFile section */
		F68D0A282E2FC03300308958 /* PieChart in Frameworks */ = {isa = PBXBuildFile; productRef = F68D0A272E2FC03300308958 /* PieChart */; };
		F68D0A2A2E2FC03300308958 /* Utilities in Frameworks */ = {isa = PBXBuildFile; productRef = F68D0A292E2FC03300308958 /* Utilities */; };
/* End PBXBuildFile section */

/* Begin PBXContainerItemProxy section */
		F61DF5172DFCCAF4007FBA3D /* PBXContainerItemProxy */ = {
			isa = PBXContainerItemProxy;
			containerPortal = F61DF4F52DFCCAF2007FBA3D /* Project object */;
			proxyType = 1;
			remoteGlobalIDString = F61DF4FC2DFCCAF2007FBA3D;
			remoteInfo = SHMR_Finance_App;
		};
		F61DF5212DFCCAF4007FBA3D /* PBXContainerItemProxy */ = {
			isa = PBXContainerItemProxy;
			containerPortal = F61DF4F52DFCCAF2007FBA3D /* Project object */;
			proxyType = 1;
			remoteGlobalIDString = F61DF4FC2DFCCAF2007FBA3D;
			remoteInfo = SHMR_Finance_App;
		};
/* End PBXContainerItemProxy section */

/* Begin PBXFileReference section */
		F61DF4FD2DFCCAF2007FBA3D /* SHMR_Finance_App.app */ = {isa = PBXFileReference; explicitFileType = wrapper.application; includeInIndex = 0; path = SHMR_Finance_App.app; sourceTree = BUILT_PRODUCTS_DIR; };
		F61DF5162DFCCAF4007FBA3D /* SHMR_Finance_AppTests.xctest */ = {isa = PBXFileReference; explicitFileType = wrapper.cfbundle; includeInIndex = 0; path = SHMR_Finance_AppTests.xctest; sourceTree = BUILT_PRODUCTS_DIR; };
		F61DF5202DFCCAF4007FBA3D /* SHMR_Finance_AppUITests.xctest */ = {isa = PBXFileReference; explicitFileType = wrapper.cfbundle; includeInIndex = 0; path = SHMR_Finance_AppUITests.xctest; sourceTree = BUILT_PRODUCTS_DIR; };
		F68D0A252E2FB24400308958 /* Utilities */ = {isa = PBXFileReference; lastKnownFileType = wrapper; path = Utilities; sourceTree = "<group>"; };
/* End PBXFileReference section */

/* Begin PBXFileSystemSynchronizedBuildFileExceptionSet section */
		F61DF5282DFCCAF4007FBA3D /* Exceptions for "SHMR_Finance_App" folder in "SHMR_Finance_App" target */ = {
			isa = PBXFileSystemSynchronizedBuildFileExceptionSet;
			membershipExceptions = (
				Info.plist,
			);
			target = F61DF4FC2DFCCAF2007FBA3D /* SHMR_Finance_App */;
		};
/* End PBXFileSystemSynchronizedBuildFileExceptionSet section */

/* Begin PBXFileSystemSynchronizedRootGroup section */
		F61DF4FF2DFCCAF2007FBA3D /* SHMR_Finance_App */ = {
			isa = PBXFileSystemSynchronizedRootGroup;
			exceptions = (
				F61DF5282DFCCAF4007FBA3D /* Exceptions for "SHMR_Finance_App" folder in "SHMR_Finance_App" target */,
			);
			path = SHMR_Finance_App;
			sourceTree = "<group>";
		};
		F61DF5192DFCCAF4007FBA3D /* SHMR_Finance_AppTests */ = {
			isa = PBXFileSystemSynchronizedRootGroup;
			path = SHMR_Finance_AppTests;
			sourceTree = "<group>";
		};
		F61DF5232DFCCAF4007FBA3D /* SHMR_Finance_AppUITests */ = {
			isa = PBXFileSystemSynchronizedRootGroup;
			path = SHMR_Finance_AppUITests;
			sourceTree = "<group>";
		};
/* End PBXFileSystemSynchronizedRootGroup section */

/* Begin PBXFrameworksBuildPhase section */
		F61DF4FA2DFCCAF2007FBA3D /* Frameworks */ = {
			isa = PBXFrameworksBuildPhase;
			buildActionMask = 2147483647;
			files = (
				F68D0A282E2FC03300308958 /* PieChart in Frameworks */,
				F68D0A2A2E2FC03300308958 /* Utilities in Frameworks */,
			);
			runOnlyForDeploymentPostprocessing = 0;
		};
		F61DF5132DFCCAF4007FBA3D /* Frameworks */ = {
			isa = PBXFrameworksBuildPhase;
			buildActionMask = 2147483647;
			files = (
			);
			runOnlyForDeploymentPostprocessing = 0;
		};
		F61DF51D2DFCCAF4007FBA3D /* Frameworks */ = {
			isa = PBXFrameworksBuildPhase;
			buildActionMask = 2147483647;
			files = (
			);
			runOnlyForDeploymentPostprocessing = 0;
		};
/* End PBXFrameworksBuildPhase section */

/* Begin PBXGroup section */
		F61DF4F42DFCCAF2007FBA3D = {
			isa = PBXGroup;
			children = (
				F61DF4FF2DFCCAF2007FBA3D /* SHMR_Finance_App */,
				F61DF5192DFCCAF4007FBA3D /* SHMR_Finance_AppTests */,
				F61DF5232DFCCAF4007FBA3D /* SHMR_Finance_AppUITests */,
				F61DF4FE2DFCCAF2007FBA3D /* Products */,
				F68D0A252E2FB24400308958 /* Utilities */,
			);
			sourceTree = "<group>";
		};
		F61DF4FE2DFCCAF2007FBA3D /* Products */ = {
			isa = PBXGroup;
			children = (
				F61DF4FD2DFCCAF2007FBA3D /* SHMR_Finance_App.app */,
				F61DF5162DFCCAF4007FBA3D /* SHMR_Finance_AppTests.xctest */,
				F61DF5202DFCCAF4007FBA3D /* SHMR_Finance_AppUITests.xctest */,
			);
			name = Products;
			sourceTree = "<group>";
		};
/* End PBXGroup section */

/* Begin PBXNativeTarget section */
		F61DF4FC2DFCCAF2007FBA3D /* SHMR_Finance_App */ = {
			isa = PBXNativeTarget;
			buildConfigurationList = F61DF5292DFCCAF4007FBA3D /* Build configuration list for PBXNativeTarget "SHMR_Finance_App" */;
			buildPhases = (
				F61DF4F92DFCCAF2007FBA3D /* Sources */,
				F61DF4FA2DFCCAF2007FBA3D /* Frameworks */,
				F61DF4FB2DFCCAF2007FBA3D /* Resources */,
			);
			buildRules = (
			);
			dependencies = (
			);
			fileSystemSynchronizedGroups = (
				F61DF4FF2DFCCAF2007FBA3D /* SHMR_Finance_App */,
			);
			name = SHMR_Finance_App;
			packageProductDependencies = (
				F68D0A272E2FC03300308958 /* PieChart */,
				F68D0A292E2FC03300308958 /* Utilities */,
			);
			productName = SHMR_Finance_App;
			productReference = F61DF4FD2DFCCAF2007FBA3D /* SHMR_Finance_App.app */;
			productType = "com.apple.product-type.application";
		};
		F61DF5152DFCCAF4007FBA3D /* SHMR_Finance_AppTests */ = {
			isa = PBXNativeTarget;
			buildConfigurationList = F61DF52E2DFCCAF4007FBA3D /* Build configuration list for PBXNativeTarget "SHMR_Finance_AppTests" */;
			buildPhases = (
				F61DF5122DFCCAF4007FBA3D /* Sources */,
				F61DF5132DFCCAF4007FBA3D /* Frameworks */,
				F61DF5142DFCCAF4007FBA3D /* Resources */,
			);
			buildRules = (
			);
			dependencies = (
				F61DF5182DFCCAF4007FBA3D /* PBXTargetDependency */,
			);
			fileSystemSynchronizedGroups = (
				F61DF5192DFCCAF4007FBA3D /* SHMR_Finance_AppTests */,
			);
			name = SHMR_Finance_AppTests;
			packageProductDependencies = (
			);
			productName = SHMR_Finance_AppTests;
			productReference = F61DF5162DFCCAF4007FBA3D /* SHMR_Finance_AppTests.xctest */;
			productType = "com.apple.product-type.bundle.unit-test";
		};
		F61DF51F2DFCCAF4007FBA3D /* SHMR_Finance_AppUITests */ = {
			isa = PBXNativeTarget;
			buildConfigurationList = F61DF5312DFCCAF4007FBA3D /* Build configuration list for PBXNativeTarget "SHMR_Finance_AppUITests" */;
			buildPhases = (
				F61DF51C2DFCCAF4007FBA3D /* Sources */,
				F61DF51D2DFCCAF4007FBA3D /* Frameworks */,
				F61DF51E2DFCCAF4007FBA3D /* Resources */,
			);
			buildRules = (
			);
			dependencies = (
				F61DF5222DFCCAF4007FBA3D /* PBXTargetDependency */,
			);
			fileSystemSynchronizedGroups = (
				F61DF5232DFCCAF4007FBA3D /* SHMR_Finance_AppUITests */,
			);
			name = SHMR_Finance_AppUITests;
			packageProductDependencies = (
			);
			productName = SHMR_Finance_AppUITests;
			productReference = F61DF5202DFCCAF4007FBA3D /* SHMR_Finance_AppUITests.xctest */;
			productType = "com.apple.product-type.bundle.ui-testing";
		};
/* End PBXNativeTarget section */

/* Begin PBXProject section */
		F61DF4F52DFCCAF2007FBA3D /* Project object */ = {
			isa = PBXProject;
			attributes = {
				BuildIndependentTargetsInParallel = 1;
				LastSwiftUpdateCheck = 1630;
				LastUpgradeCheck = 1630;
				TargetAttributes = {
					F61DF4FC2DFCCAF2007FBA3D = {
						CreatedOnToolsVersion = 16.3;
					};
					F61DF5152DFCCAF4007FBA3D = {
						CreatedOnToolsVersion = 16.3;
						TestTargetID = F61DF4FC2DFCCAF2007FBA3D;
					};
					F61DF51F2DFCCAF4007FBA3D = {
						CreatedOnToolsVersion = 16.3;
						TestTargetID = F61DF4FC2DFCCAF2007FBA3D;
					};
				};
			};
			buildConfigurationList = F61DF4F82DFCCAF2007FBA3D /* Build configuration list for PBXProject "SHMR_Finance_App" */;
			developmentRegion = en;
			hasScannedForEncodings = 0;
			knownRegions = (
				en,
				Base,
			);
			mainGroup = F61DF4F42DFCCAF2007FBA3D;
			minimizedProjectReferenceProxies = 1;
			packageReferences = (
				F68D0A262E2FC03300308958 /* XCLocalSwiftPackageReference "Utilities" */,
			);
			preferredProjectObjectVersion = 77;
			productRefGroup = F61DF4FE2DFCCAF2007FBA3D /* Products */;
			projectDirPath = "";
			projectRoot = "";
			targets = (
				F61DF4FC2DFCCAF2007FBA3D /* SHMR_Finance_App */,
				F61DF5152DFCCAF4007FBA3D /* SHMR_Finance_AppTests */,
				F61DF51F2DFCCAF4007FBA3D /* SHMR_Finance_AppUITests */,
			);
		};
/* End PBXProject section */

/* Begin PBXResourcesBuildPhase section */
		F61DF4FB2DFCCAF2007FBA3D /* Resources */ = {
			isa = PBXResourcesBuildPhase;
			buildActionMask = 2147483647;
			files = (
			);
			runOnlyForDeploymentPostprocessing = 0;
		};
		F61DF5142DFCCAF4007FBA3D /* Resources */ = {
			isa = PBXResourcesBuildPhase;
			buildActionMask = 2147483647;
			files = (
			);
			runOnlyForDeploymentPostprocessing = 0;
		};
		F61DF51E2DFCCAF4007FBA3D /* Resources */ = {
			isa = PBXResourcesBuildPhase;
			buildActionMask = 2147483647;
			files = (
			);
			runOnlyForDeploymentPostprocessing = 0;
		};
/* End PBXResourcesBuildPhase section */

/* Begin PBXSourcesBuildPhase section */
		F61DF4F92DFCCAF2007FBA3D /* Sources */ = {
			isa = PBXSourcesBuildPhase;
			buildActionMask = 2147483647;
			files = (
			);
			runOnlyForDeploymentPostprocessing = 0;
		};
		F61DF5122DFCCAF4007FBA3D /* Sources */ = {
			isa = PBXSourcesBuildPhase;
			buildActionMask = 2147483647;
			files = (
			);
			runOnlyForDeploymentPostprocessing = 0;
		};
		F61DF51C2DFCCAF4007FBA3D /* Sources */ = {
			isa = PBXSourcesBuildPhase;
			buildActionMask = 2147483647;
			files = (
			);
			runOnlyForDeploymentPostprocessing = 0;
		};
/* End PBXSourcesBuildPhase section */

/* Begin PBXTargetDependency section */
		F61DF5182DFCCAF4007FBA3D /* PBXTargetDependency */ = {
			isa = PBXTargetDependency;
			target = F61DF4FC2DFCCAF2007FBA3D /* SHMR_Finance_App */;
			targetProxy = F61DF5172DFCCAF4007FBA3D /* PBXContainerItemProxy */;
		};
		F61DF5222DFCCAF4007FBA3D /* PBXTargetDependency */ = {
			isa = PBXTargetDependency;
			target = F61DF4FC2DFCCAF2007FBA3D /* SHMR_Finance_App */;
			targetProxy = F61DF5212DFCCAF4007FBA3D /* PBXContainerItemProxy */;
		};
/* End PBXTargetDependency section */

/* Begin XCBuildConfiguration section */
		F61DF52A2DFCCAF4007FBA3D /* Debug */ = {
			isa = XCBuildConfiguration;
			buildSettings = {
				ASSETCATALOG_COMPILER_APPICON_NAME = AppIcon;
				ASSETCATALOG_COMPILER_GLOBAL_ACCENT_COLOR_NAME = AccentColor;
				CODE_SIGN_STYLE = Automatic;
				CURRENT_PROJECT_VERSION = 1;
				DEVELOPMENT_TEAM = D3PQQFJ23S;
				GENERATE_INFOPLIST_FILE = YES;
				INFOPLIST_FILE = SHMR_Finance_App/Info.plist;
				INFOPLIST_KEY_UIApplicationSupportsIndirectInputEvents = YES;
				INFOPLIST_KEY_UILaunchStoryboardName = LaunchScreen;
				INFOPLIST_KEY_UIMainStoryboardFile = Main;
				INFOPLIST_KEY_UISupportedInterfaceOrientations_iPad = "UIInterfaceOrientationPortrait UIInterfaceOrientationPortraitUpsideDown UIInterfaceOrientationLandscapeLeft UIInterfaceOrientationLandscapeRight";
				INFOPLIST_KEY_UISupportedInterfaceOrientations_iPhone = "UIInterfaceOrientationPortrait UIInterfaceOrientationLandscapeLeft UIInterfaceOrientationLandscapeRight";
				LD_RUNPATH_SEARCH_PATHS = (
					"$(inherited)",
					"@executable_path/Frameworks",
				);
				MARKETING_VERSION = 1.0;
				PRODUCT_BUNDLE_IDENTIFIER = "chernokozzz.SHMR-Finance-Appppp";
				PRODUCT_NAME = "$(TARGET_NAME)";
				SWIFT_EMIT_LOC_STRINGS = YES;
				SWIFT_VERSION = 5.0;
				TARGETED_DEVICE_FAMILY = "1,2";
			};
			name = Debug;
		};
		F61DF52B2DFCCAF4007FBA3D /* Release */ = {
			isa = XCBuildConfiguration;
			buildSettings = {
				ASSETCATALOG_COMPILER_APPICON_NAME = AppIcon;
				ASSETCATALOG_COMPILER_GLOBAL_ACCENT_COLOR_NAME = AccentColor;
				CODE_SIGN_STYLE = Automatic;
				CURRENT_PROJECT_VERSION = 1;
				DEVELOPMENT_TEAM = D3PQQFJ23S;
				GENERATE_INFOPLIST_FILE = YES;
				INFOPLIST_FILE = SHMR_Finance_App/Info.plist;
				INFOPLIST_KEY_UIApplicationSupportsIndirectInputEvents = YES;
				INFOPLIST_KEY_UILaunchStoryboardName = LaunchScreen;
				INFOPLIST_KEY_UIMainStoryboardFile = Main;
				INFOPLIST_KEY_UISupportedInterfaceOrientations_iPad = "UIInterfaceOrientationPortrait UIInterfaceOrientationPortraitUpsideDown UIInterfaceOrientationLandscapeLeft UIInterfaceOrientationLandscapeRight";
				INFOPLIST_KEY_UISupportedInterfaceOrientations_iPhone = "UIInterfaceOrientationPortrait UIInterfaceOrientationLandscapeLeft UIInterfaceOrientationLandscapeRight";
				LD_RUNPATH_SEARCH_PATHS = (
					"$(inherited)",
					"@executable_path/Frameworks",
				);
				MARKETING_VERSION = 1.0;
				PRODUCT_BUNDLE_IDENTIFIER = "chernokozzz.SHMR-Finance-Appppp";
				PRODUCT_NAME = "$(TARGET_NAME)";
				SWIFT_EMIT_LOC_STRINGS = YES;
				SWIFT_VERSION = 5.0;
				TARGETED_DEVICE_FAMILY = "1,2";
			};
			name = Release;
		};
		F61DF52C2DFCCAF4007FBA3D /* Debug */ = {
			isa = XCBuildConfiguration;
			buildSettings = {
				ALWAYS_SEARCH_USER_PATHS = NO;
				ASSETCATALOG_COMPILER_GENERATE_SWIFT_ASSET_SYMBOL_EXTENSIONS = YES;
				CLANG_ANALYZER_NONNULL = YES;
				CLANG_ANALYZER_NUMBER_OBJECT_CONVERSION = YES_AGGRESSIVE;
				CLANG_CXX_LANGUAGE_STANDARD = "gnu++20";
				CLANG_ENABLE_MODULES = YES;
				CLANG_ENABLE_OBJC_ARC = YES;
				CLANG_ENABLE_OBJC_WEAK = YES;
				CLANG_WARN_BLOCK_CAPTURE_AUTORELEASING = YES;
				CLANG_WARN_BOOL_CONVERSION = YES;
				CLANG_WARN_COMMA = YES;
				CLANG_WARN_CONSTANT_CONVERSION = YES;
				CLANG_WARN_DEPRECATED_OBJC_IMPLEMENTATIONS = YES;
				CLANG_WARN_DIRECT_OBJC_ISA_USAGE = YES_ERROR;
				CLANG_WARN_DOCUMENTATION_COMMENTS = YES;
				CLANG_WARN_EMPTY_BODY = YES;
				CLANG_WARN_ENUM_CONVERSION = YES;
				CLANG_WARN_INFINITE_RECURSION = YES;
				CLANG_WARN_INT_CONVERSION = YES;
				CLANG_WARN_NON_LITERAL_NULL_CONVERSION = YES;
				CLANG_WARN_OBJC_IMPLICIT_RETAIN_SELF = YES;
				CLANG_WARN_OBJC_LITERAL_CONVERSION = YES;
				CLANG_WARN_OBJC_ROOT_CLASS = YES_ERROR;
				CLANG_WARN_QUOTED_INCLUDE_IN_FRAMEWORK_HEADER = YES;
				CLANG_WARN_RANGE_LOOP_ANALYSIS = YES;
				CLANG_WARN_STRICT_PROTOTYPES = YES;
				CLANG_WARN_SUSPICIOUS_MOVE = YES;
				CLANG_WARN_UNGUARDED_AVAILABILITY = YES_AGGRESSIVE;
				CLANG_WARN_UNREACHABLE_CODE = YES;
				CLANG_WARN__DUPLICATE_METHOD_MATCH = YES;
				COPY_PHASE_STRIP = NO;
				DEBUG_INFORMATION_FORMAT = dwarf;
				DEVELOPMENT_TEAM = D3PQQFJ23S;
				ENABLE_STRICT_OBJC_MSGSEND = YES;
				ENABLE_TESTABILITY = YES;
				ENABLE_USER_SCRIPT_SANDBOXING = YES;
				GCC_C_LANGUAGE_STANDARD = gnu17;
				GCC_DYNAMIC_NO_PIC = NO;
				GCC_NO_COMMON_BLOCKS = YES;
				GCC_OPTIMIZATION_LEVEL = 0;
				GCC_PREPROCESSOR_DEFINITIONS = (
					"DEBUG=1",
					"$(inherited)",
				);
				GCC_WARN_64_TO_32_BIT_CONVERSION = YES;
				GCC_WARN_ABOUT_RETURN_TYPE = YES_ERROR;
				GCC_WARN_UNDECLARED_SELECTOR = YES;
				GCC_WARN_UNINITIALIZED_AUTOS = YES_AGGRESSIVE;
				GCC_WARN_UNUSED_FUNCTION = YES;
				GCC_WARN_UNUSED_VARIABLE = YES;
				IPHONEOS_DEPLOYMENT_TARGET = 18.4;
				LOCALIZATION_PREFERS_STRING_CATALOGS = YES;
				MTL_ENABLE_DEBUG_INFO = INCLUDE_SOURCE;
				MTL_FAST_MATH = YES;
				ONLY_ACTIVE_ARCH = YES;
				SDKROOT = iphoneos;
				SWIFT_ACTIVE_COMPILATION_CONDITIONS = "DEBUG $(inherited)";
				SWIFT_OPTIMIZATION_LEVEL = "-Onone";
			};
			name = Debug;
		};
		F61DF52D2DFCCAF4007FBA3D /* Release */ = {
			isa = XCBuildConfiguration;
			buildSettings = {
				ALWAYS_SEARCH_USER_PATHS = NO;
				ASSETCATALOG_COMPILER_GENERATE_SWIFT_ASSET_SYMBOL_EXTENSIONS = YES;
				CLANG_ANALYZER_NONNULL = YES;
				CLANG_ANALYZER_NUMBER_OBJECT_CONVERSION = YES_AGGRESSIVE;
				CLANG_CXX_LANGUAGE_STANDARD = "gnu++20";
				CLANG_ENABLE_MODULES = YES;
				CLANG_ENABLE_OBJC_ARC = YES;
				CLANG_ENABLE_OBJC_WEAK = YES;
				CLANG_WARN_BLOCK_CAPTURE_AUTORELEASING = YES;
				CLANG_WARN_BOOL_CONVERSION = YES;
				CLANG_WARN_COMMA = YES;
				CLANG_WARN_CONSTANT_CONVERSION = YES;
				CLANG_WARN_DEPRECATED_OBJC_IMPLEMENTATIONS = YES;
				CLANG_WARN_DIRECT_OBJC_ISA_USAGE = YES_ERROR;
				CLANG_WARN_DOCUMENTATION_COMMENTS = YES;
				CLANG_WARN_EMPTY_BODY = YES;
				CLANG_WARN_ENUM_CONVERSION = YES;
				CLANG_WARN_INFINITE_RECURSION = YES;
				CLANG_WARN_INT_CONVERSION = YES;
				CLANG_WARN_NON_LITERAL_NULL_CONVERSION = YES;
				CLANG_WARN_OBJC_IMPLICIT_RETAIN_SELF = YES;
				CLANG_WARN_OBJC_LITERAL_CONVERSION = YES;
				CLANG_WARN_OBJC_ROOT_CLASS = YES_ERROR;
				CLANG_WARN_QUOTED_INCLUDE_IN_FRAMEWORK_HEADER = YES;
				CLANG_WARN_RANGE_LOOP_ANALYSIS = YES;
				CLANG_WARN_STRICT_PROTOTYPES = YES;
				CLANG_WARN_SUSPICIOUS_MOVE = YES;
				CLANG_WARN_UNGUARDED_AVAILABILITY = YES_AGGRESSIVE;
				CLANG_WARN_UNREACHABLE_CODE = YES;
				CLANG_WARN__DUPLICATE_METHOD_MATCH = YES;
				COPY_PHASE_STRIP = NO;
				DEBUG_INFORMATION_FORMAT = "dwarf-with-dsym";
				DEVELOPMENT_TEAM = D3PQQFJ23S;
				ENABLE_NS_ASSERTIONS = NO;
				ENABLE_STRICT_OBJC_MSGSEND = YES;
				ENABLE_USER_SCRIPT_SANDBOXING = YES;
				GCC_C_LANGUAGE_STANDARD = gnu17;
				GCC_NO_COMMON_BLOCKS = YES;
				GCC_WARN_64_TO_32_BIT_CONVERSION = YES;
				GCC_WARN_ABOUT_RETURN_TYPE = YES_ERROR;
				GCC_WARN_UNDECLARED_SELECTOR = YES;
				GCC_WARN_UNINITIALIZED_AUTOS = YES_AGGRESSIVE;
				GCC_WARN_UNUSED_FUNCTION = YES;
				GCC_WARN_UNUSED_VARIABLE = YES;
				IPHONEOS_DEPLOYMENT_TARGET = 18.4;
				LOCALIZATION_PREFERS_STRING_CATALOGS = YES;
				MTL_ENABLE_DEBUG_INFO = NO;
				MTL_FAST_MATH = YES;
				SDKROOT = iphoneos;
				SWIFT_COMPILATION_MODE = wholemodule;
				VALIDATE_PRODUCT = YES;
			};
			name = Release;
		};
		F61DF52F2DFCCAF4007FBA3D /* Debug */ = {
			isa = XCBuildConfiguration;
			buildSettings = {
				BUNDLE_LOADER = "$(TEST_HOST)";
				CODE_SIGN_STYLE = Automatic;
				CURRENT_PROJECT_VERSION = 1;
				DEVELOPMENT_TEAM = D3PQQFJ23S;
				GENERATE_INFOPLIST_FILE = YES;
				IPHONEOS_DEPLOYMENT_TARGET = 18.4;
				MARKETING_VERSION = 1.0;
				PRODUCT_BUNDLE_IDENTIFIER = "chernokozzz.SHMR-Finance-AppTests";
				PRODUCT_NAME = "$(TARGET_NAME)";
				SWIFT_EMIT_LOC_STRINGS = NO;
				SWIFT_VERSION = 5.0;
				TARGETED_DEVICE_FAMILY = "1,2";
				TEST_HOST = "$(BUILT_PRODUCTS_DIR)/SHMR_Finance_App.app/$(BUNDLE_EXECUTABLE_FOLDER_PATH)/SHMR_Finance_App";
			};
			name = Debug;
		};
		F61DF5302DFCCAF4007FBA3D /* Release */ = {
			isa = XCBuildConfiguration;
			buildSettings = {
				BUNDLE_LOADER = "$(TEST_HOST)";
				CODE_SIGN_STYLE = Automatic;
				CURRENT_PROJECT_VERSION = 1;
				DEVELOPMENT_TEAM = D3PQQFJ23S;
				GENERATE_INFOPLIST_FILE = YES;
				IPHONEOS_DEPLOYMENT_TARGET = 18.4;
				MARKETING_VERSION = 1.0;
				PRODUCT_BUNDLE_IDENTIFIER = "chernokozzz.SHMR-Finance-AppTests";
				PRODUCT_NAME = "$(TARGET_NAME)";
				SWIFT_EMIT_LOC_STRINGS = NO;
				SWIFT_VERSION = 5.0;
				TARGETED_DEVICE_FAMILY = "1,2";
				TEST_HOST = "$(BUILT_PRODUCTS_DIR)/SHMR_Finance_App.app/$(BUNDLE_EXECUTABLE_FOLDER_PATH)/SHMR_Finance_App";
			};
			name = Release;
		};
		F61DF5322DFCCAF4007FBA3D /* Debug */ = {
			isa = XCBuildConfiguration;
			buildSettings = {
				CODE_SIGN_STYLE = Automatic;
				CURRENT_PROJECT_VERSION = 1;
				DEVELOPMENT_TEAM = D3PQQFJ23S;
				GENERATE_INFOPLIST_FILE = YES;
				MARKETING_VERSION = 1.0;
				PRODUCT_BUNDLE_IDENTIFIER = "chernokozzz.SHMR-Finance-AppUITests";
				PRODUCT_NAME = "$(TARGET_NAME)";
				SWIFT_EMIT_LOC_STRINGS = NO;
				SWIFT_VERSION = 5.0;
				TARGETED_DEVICE_FAMILY = "1,2";
				TEST_TARGET_NAME = SHMR_Finance_App;
			};
			name = Debug;
		};
		F61DF5332DFCCAF4007FBA3D /* Release */ = {
			isa = XCBuildConfiguration;
			buildSettings = {
				CODE_SIGN_STYLE = Automatic;
				CURRENT_PROJECT_VERSION = 1;
				DEVELOPMENT_TEAM = D3PQQFJ23S;
				GENERATE_INFOPLIST_FILE = YES;
				MARKETING_VERSION = 1.0;
				PRODUCT_BUNDLE_IDENTIFIER = "chernokozzz.SHMR-Finance-AppUITests";
				PRODUCT_NAME = "$(TARGET_NAME)";
				SWIFT_EMIT_LOC_STRINGS = NO;
				SWIFT_VERSION = 5.0;
				TARGETED_DEVICE_FAMILY = "1,2";
				TEST_TARGET_NAME = SHMR_Finance_App;
			};
			name = Release;
		};
/* End XCBuildConfiguration section */

/* Begin XCConfigurationList section */
		F61DF4F82DFCCAF2007FBA3D /* Build configuration list for PBXProject "SHMR_Finance_App" */ = {
			isa = XCConfigurationList;
			buildConfigurations = (
				F61DF52C2DFCCAF4007FBA3D /* Debug */,
				F61DF52D2DFCCAF4007FBA3D /* Release */,
			);
			defaultConfigurationIsVisible = 0;
			defaultConfigurationName = Release;
		};
		F61DF5292DFCCAF4007FBA3D /* Build configuration list for PBXNativeTarget "SHMR_Finance_App" */ = {
			isa = XCConfigurationList;
			buildConfigurations = (
				F61DF52A2DFCCAF4007FBA3D /* Debug */,
				F61DF52B2DFCCAF4007FBA3D /* Release */,
			);
			defaultConfigurationIsVisible = 0;
			defaultConfigurationName = Release;
		};
		F61DF52E2DFCCAF4007FBA3D /* Build configuration list for PBXNativeTarget "SHMR_Finance_AppTests" */ = {
			isa = XCConfigurationList;
			buildConfigurations = (
				F61DF52F2DFCCAF4007FBA3D /* Debug */,
				F61DF5302DFCCAF4007FBA3D /* Release */,
			);
			defaultConfigurationIsVisible = 0;
			defaultConfigurationName = Release;
		};
		F61DF5312DFCCAF4007FBA3D /* Build configuration list for PBXNativeTarget "SHMR_Finance_AppUITests" */ = {
			isa = XCConfigurationList;
			buildConfigurations = (
				F61DF5322DFCCAF4007FBA3D /* Debug */,
				F61DF5332DFCCAF4007FBA3D /* Release */,
			);
			defaultConfigurationIsVisible = 0;
			defaultConfigurationName = Release;
		};
/* End XCConfigurationList section */

/* Begin XCLocalSwiftPackageReference section */
		F68D0A262E2FC03300308958 /* XCLocalSwiftPackageReference "Utilities" */ = {
			isa = XCLocalSwiftPackageReference;
			relativePath = Utilities;
		};
/* End XCLocalSwiftPackageReference section */

/* Begin XCSwiftPackageProductDependency section */
		F68D0A272E2FC03300308958 /* PieChart */ = {
			isa = XCSwiftPackageProductDependency;
			productName = PieChart;
		};
		F68D0A292E2FC03300308958 /* Utilities */ = {
			isa = XCSwiftPackageProductDependency;
			productName = Utilities;
		};
/* End XCSwiftPackageProductDependency section */
	};
	rootObject = F61DF4F52DFCCAF2007FBA3D /* Project object */;
}
